
Microsoft Visual Studio Solution File, Format Version 12.00
# Visual Studio Version 17
VisualStudioVersion = 17.3.32929.385
MinimumVisualStudioVersion = 10.0.40219.1
Project("{FAE04EC0-301F-11D3-BF4B-00C04F79EFBC}") = "TweakblogsExportReader", "TweakblogsExportReader\TweakblogsExportReader.csproj", "{01ABEB36-44D0-449B-BE3B-64D40F03AD28}"
EndProject
Project("{FAE04EC0-301F-11D3-BF4B-00C04F79EFBC}") = "TestApp", "TestApp\TestApp.csproj", "{6448A8D4-A030-4789-B878-BC4283137336}"
EndProject
Global
	GlobalSection(SolutionConfigurationPlatforms) = preSolution
		Debug|Any CPU = Debug|Any CPU
		Release|Any CPU = Release|Any CPU
	EndGlobalSection
	GlobalSection(ProjectConfigurationPlatforms) = postSolution
		{01ABEB36-44D0-449B-BE3B-64D40F03AD28}.Debug|Any CPU.ActiveCfg = Debug|Any CPU
		{01ABEB36-44D0-449B-BE3B-64D40F03AD28}.Debug|Any CPU.Build.0 = Debug|Any CPU
		{01ABEB36-44D0-449B-BE3B-64D40F03AD28}.Release|Any CPU.ActiveCfg = Release|Any CPU
		{01ABEB36-44D0-449B-BE3B-64D40F03AD28}.Release|Any CPU.Build.0 = Release|Any CPU
		{6448A8D4-A030-4789-B878-BC4283137336}.Debug|Any CPU.ActiveCfg = Debug|Any CPU
		{6448A8D4-A030-4789-B878-BC4283137336}.Debug|Any CPU.Build.0 = Debug|Any CPU
		{6448A8D4-A030-4789-B878-BC4283137336}.Release|Any CPU.ActiveCfg = Release|Any CPU
		{6448A8D4-A030-4789-B878-BC4283137336}.Release|Any CPU.Build.0 = Release|Any CPU
	EndGlobalSection
	GlobalSection(SolutionProperties) = preSolution
		HideSolutionNode = FALSE
	EndGlobalSection
	GlobalSection(ExtensibilityGlobals) = postSolution
		SolutionGuid = {6DBA485E-2534-4F74-89BB-19241B273943}
	EndGlobalSection
EndGlobal
